
Microsoft Visual Studio Solution File, Format Version 12.00
# Visual Studio Version 17
VisualStudioVersion = 17.8.34525.116
MinimumVisualStudioVersion = 10.0.40219.1
Project("{FAE04EC0-301F-11D3-BF4B-00C04F79EFBC}") = "UnitTestCode", "UnitTestCode\UnitTestCode.csproj", "{411F77F2-4717-4AC1-AE41-C7CBAF6FD131}"
EndProject
Project("{FAE04EC0-301F-11D3-BF4B-00C04F79EFBC}") = "BasicMathTest", "BasicMathTest\BasicMathTest.csproj", "{3A9F47DA-0583-4BAC-90F3-60EBF0DBEB90}"
EndProject
Global
	GlobalSection(SolutionConfigurationPlatforms) = preSolution
		Debug|Any CPU = Debug|Any CPU
		Release|Any CPU = Release|Any CPU
	EndGlobalSection
	GlobalSection(ProjectConfigurationPlatforms) = postSolution
		{411F77F2-4717-4AC1-AE41-C7CBAF6FD131}.Debug|Any CPU.ActiveCfg = Debug|Any CPU
		{411F77F2-4717-4AC1-AE41-C7CBAF6FD131}.Debug|Any CPU.Build.0 = Debug|Any CPU
		{411F77F2-4717-4AC1-AE41-C7CBAF6FD131}.Release|Any CPU.ActiveCfg = Release|Any CPU
		{411F77F2-4717-4AC1-AE41-C7CBAF6FD131}.Release|Any CPU.Build.0 = Release|Any CPU
		{3A9F47DA-0583-4BAC-90F3-60EBF0DBEB90}.Debug|Any CPU.ActiveCfg = Debug|Any CPU
		{3A9F47DA-0583-4BAC-90F3-60EBF0DBEB90}.Debug|Any CPU.Build.0 = Debug|Any CPU
		{3A9F47DA-0583-4BAC-90F3-60EBF0DBEB90}.Release|Any CPU.ActiveCfg = Release|Any CPU
		{3A9F47DA-0583-4BAC-90F3-60EBF0DBEB90}.Release|Any CPU.Build.0 = Release|Any CPU
	EndGlobalSection
	GlobalSection(SolutionProperties) = preSolution
		HideSolutionNode = FALSE
	EndGlobalSection
	GlobalSection(ExtensibilityGlobals) = postSolution
		SolutionGuid = {37E630E5-193A-4A4E-9AEF-01F82A7D7602}
	EndGlobalSection
EndGlobal
